
Microsoft Visual Studio Solution File, Format Version 12.00
# Visual Studio Version 16
VisualStudioVersion = 16.0.30204.135
MinimumVisualStudioVersion = 10.0.40219.1
Project("{FAE04EC0-301F-11D3-BF4B-00C04F79EFBC}") = "Parity", "Parity.csproj", "{D785F47B-8B4E-4E95-83A6-E02AC0D6CBEA}"
EndProject
Project("{FAE04EC0-301F-11D3-BF4B-00C04F79EFBC}") = "ParityUnitTest", "..\ParityUnitTest\ParityUnitTest.csproj", "{4C29BDC5-E04A-4B78-BF5D-19C2ACC6023E}"
EndProject
Global
	GlobalSection(SolutionConfigurationPlatforms) = preSolution
		Debug|Any CPU = Debug|Any CPU
		Release|Any CPU = Release|Any CPU
	EndGlobalSection
	GlobalSection(ProjectConfigurationPlatforms) = postSolution
		{D785F47B-8B4E-4E95-83A6-E02AC0D6CBEA}.Debug|Any CPU.ActiveCfg = Debug|Any CPU
		{D785F47B-8B4E-4E95-83A6-E02AC0D6CBEA}.Debug|Any CPU.Build.0 = Debug|Any CPU
		{D785F47B-8B4E-4E95-83A6-E02AC0D6CBEA}.Release|Any CPU.ActiveCfg = Release|Any CPU
		{D785F47B-8B4E-4E95-83A6-E02AC0D6CBEA}.Release|Any CPU.Build.0 = Release|Any CPU
		{4C29BDC5-E04A-4B78-BF5D-19C2ACC6023E}.Debug|Any CPU.ActiveCfg = Debug|Any CPU
		{4C29BDC5-E04A-4B78-BF5D-19C2ACC6023E}.Debug|Any CPU.Build.0 = Debug|Any CPU
		{4C29BDC5-E04A-4B78-BF5D-19C2ACC6023E}.Release|Any CPU.ActiveCfg = Release|Any CPU
		{4C29BDC5-E04A-4B78-BF5D-19C2ACC6023E}.Release|Any CPU.Build.0 = Release|Any CPU
	EndGlobalSection
	GlobalSection(SolutionProperties) = preSolution
		HideSolutionNode = FALSE
	EndGlobalSection
	GlobalSection(ExtensibilityGlobals) = postSolution
		SolutionGuid = {EBFECD8C-DAE9-40F5-AE2E-FED75D1EA2AC}
	EndGlobalSection
EndGlobal
